# THIS IS AN AUTOGENERATED FILE. DO NOT EDIT THIS FILE DIRECTLY.
# yarn lockfile v1


"@vuepress/plugin-back-to-top@^1.4.1":
  version "1.4.1"
  resolved "https://registry.yarnpkg.com/@vuepress/plugin-back-to-top/-/plugin-back-to-top-1.4.1.tgz#80b310be5f8ebc13504904e9bafda1c8f0984d52"
  integrity sha512-EOpBordx0xD4E8e6lSywi0JHF0IQL0T3Wxbt03W5ngKa2LDKMAusmIRpLDALZ1vHN9Z2ZqYFEWePxrX4rmC9mQ==
  dependencies:
    lodash.debounce "^4.0.8"

"@vuepress/plugin-search@^1.4.1":
  version "1.4.1"
  resolved "https://registry.yarnpkg.com/@vuepress/plugin-search/-/plugin-search-1.4.1.tgz#5842f7ef0214c8f9f3cafa6ca2f4648f8dbc03d2"
  integrity sha512-J4JyXD6M1oOU013s4ZLKMkKEGd7qEtSIsAw2nZY2mckZ7ETX49R5Pv2S5uCqLRQfUQSIGR5TEABL22q0B8uCVA==

lodash.debounce@^4.0.8:
  version "4.0.8"
  resolved "https://registry.yarnpkg.com/lodash.debounce/-/lodash.debounce-4.0.8.tgz#82d79bff30a67c4005ffd5e2515300ad9ca4d7af"
  integrity sha1-gteb/zCmfEAF/9XiUVMArZyk168=
